Microsoft Visual Studio Solution File, Format Version 10.00
# Visual C++ Express 2008
Project("{8BC9CEB8-8B4A-11D0-8D11-00A0C91BC942}") = "pconvert", "pconvert.vcproj", "{57B5F101-C280-4A5E-95CF-E304D514B3B0}"
EndProject
Global
    GlobalSection(SolutionConfigurationPlatforms) = preSolution
        Debug (Python)|Win32 = Debug (Python)|Win32
        Debug|Win32 = Debug|Win32
        Release (Python)|Win32 = Release (Python)|Win32
        Release|Win32 = Release|Win32
    EndGlobalSection
    GlobalSection(ProjectConfigurationPlatforms) = postSolution
        {57B5F101-C280-4A5E-95CF-E304D514B3B0}.Debug (Python)|Win32.ActiveCfg = Debug (Python)|Win32
        {57B5F101-C280-4A5E-95CF-E304D514B3B0}.Debug (Python)|Win32.Build.0 = Debug (Python)|Win32
        {57B5F101-C280-4A5E-95CF-E304D514B3B0}.Debug|Win32.ActiveCfg = Debug|Win32
        {57B5F101-C280-4A5E-95CF-E304D514B3B0}.Debug|Win32.Build.0 = Debug|Win32
        {57B5F101-C280-4A5E-95CF-E304D514B3B0}.Release (Python)|Win32.ActiveCfg = Release (Python)|Win32
        {57B5F101-C280-4A5E-95CF-E304D514B3B0}.Release (Python)|Win32.Build.0 = Release (Python)|Win32
        {57B5F101-C280-4A5E-95CF-E304D514B3B0}.Release|Win32.ActiveCfg = Release|Win32
        {57B5F101-C280-4A5E-95CF-E304D514B3B0}.Release|Win32.Build.0 = Release|Win32
    EndGlobalSection
    GlobalSection(SolutionProperties) = preSolution
        HideSolutionNode = FALSE
    EndGlobalSection
EndGlobal
